
Microsoft Visual Studio Solution File, Format Version 12.00
# Visual Studio Version 16
VisualStudioVersion = 16.0.28729.10
MinimumVisualStudioVersion = 10.0.40219.1
Project("{FAE04EC0-301F-11D3-BF4B-00C04F79EFBC}") = "ViennaAdvantageWeb", "ViennaAdvantageWeb\ViennaAdvantageWeb.csproj", "{BE66152A-A548-4EFF-88A3-C6305B6FDC38}"
EndProject
Project("{FAE04EC0-301F-11D3-BF4B-00C04F79EFBC}") = "ViennaBase", "ViennaBase\ViennaBase.csproj", "{349C7A2B-FAD9-428A-BCD1-7F7262A0419D}"
EndProject
Project("{FAE04EC0-301F-11D3-BF4B-00C04F79EFBC}") = "CoreLibrary", "CoreLibrary\CoreLibrary.csproj", "{ED61579E-017F-478F-98A2-6432A9C59F41}"
EndProject
Project("{FAE04EC0-301F-11D3-BF4B-00C04F79EFBC}") = "BaseLibrary", "BaseLibrary\BaseLibrary.csproj", "{11B07F0B-50D9-44D4-B2E7-F9C3E6A00F1B}"
EndProject
Project("{FAE04EC0-301F-11D3-BF4B-00C04F79EFBC}") = "VAPrintLib", "VAPrintLib\VAPrintLib.csproj", "{CDD5ABC0-66DA-41AE-9A64-F28DEE789262}"
EndProject
Project("{FAE04EC0-301F-11D3-BF4B-00C04F79EFBC}") = "XModel", "XModel\XModel.csproj", "{7D3A626F-274D-4D29-87E3-272F0A33204B}"
EndProject
Global
	GlobalSection(SolutionConfigurationPlatforms) = preSolution
		Debug|Any CPU = Debug|Any CPU
		Release|Any CPU = Release|Any CPU
	EndGlobalSection
	GlobalSection(ProjectConfigurationPlatforms) = postSolution
		{BE66152A-A548-4EFF-88A3-C6305B6FDC38}.Debug|Any CPU.ActiveCfg = Debug|Any CPU
		{BE66152A-A548-4EFF-88A3-C6305B6FDC38}.Debug|Any CPU.Build.0 = Debug|Any CPU
		{BE66152A-A548-4EFF-88A3-C6305B6FDC38}.Release|Any CPU.ActiveCfg = Release|Any CPU
		{BE66152A-A548-4EFF-88A3-C6305B6FDC38}.Release|Any CPU.Build.0 = Release|Any CPU
		{349C7A2B-FAD9-428A-BCD1-7F7262A0419D}.Debug|Any CPU.ActiveCfg = Debug|Any CPU
		{349C7A2B-FAD9-428A-BCD1-7F7262A0419D}.Debug|Any CPU.Build.0 = Debug|Any CPU
		{349C7A2B-FAD9-428A-BCD1-7F7262A0419D}.Release|Any CPU.ActiveCfg = Release|Any CPU
		{349C7A2B-FAD9-428A-BCD1-7F7262A0419D}.Release|Any CPU.Build.0 = Release|Any CPU
		{ED61579E-017F-478F-98A2-6432A9C59F41}.Debug|Any CPU.ActiveCfg = Debug|Any CPU
		{ED61579E-017F-478F-98A2-6432A9C59F41}.Debug|Any CPU.Build.0 = Debug|Any CPU
		{ED61579E-017F-478F-98A2-6432A9C59F41}.Release|Any CPU.ActiveCfg = Release|Any CPU
		{ED61579E-017F-478F-98A2-6432A9C59F41}.Release|Any CPU.Build.0 = Release|Any CPU
		{11B07F0B-50D9-44D4-B2E7-F9C3E6A00F1B}.Debug|Any CPU.ActiveCfg = Debug|Any CPU
		{11B07F0B-50D9-44D4-B2E7-F9C3E6A00F1B}.Debug|Any CPU.Build.0 = Debug|Any CPU
		{11B07F0B-50D9-44D4-B2E7-F9C3E6A00F1B}.Release|Any CPU.ActiveCfg = Release|Any CPU
		{11B07F0B-50D9-44D4-B2E7-F9C3E6A00F1B}.Release|Any CPU.Build.0 = Release|Any CPU
		{CDD5ABC0-66DA-41AE-9A64-F28DEE789262}.Debug|Any CPU.ActiveCfg = Debug|Any CPU
		{CDD5ABC0-66DA-41AE-9A64-F28DEE789262}.Debug|Any CPU.Build.0 = Debug|Any CPU
		{CDD5ABC0-66DA-41AE-9A64-F28DEE789262}.Release|Any CPU.ActiveCfg = Release|Any CPU
		{CDD5ABC0-66DA-41AE-9A64-F28DEE789262}.Release|Any CPU.Build.0 = Release|Any CPU
		{7D3A626F-274D-4D29-87E3-272F0A33204B}.Debug|Any CPU.ActiveCfg = Debug|Any CPU
		{7D3A626F-274D-4D29-87E3-272F0A33204B}.Debug|Any CPU.Build.0 = Debug|Any CPU
		{7D3A626F-274D-4D29-87E3-272F0A33204B}.Release|Any CPU.ActiveCfg = Release|Any CPU
		{7D3A626F-274D-4D29-87E3-272F0A33204B}.Release|Any CPU.Build.0 = Release|Any CPU
	EndGlobalSection
	GlobalSection(SolutionProperties) = preSolution
		HideSolutionNode = FALSE
	EndGlobalSection
	GlobalSection(ExtensibilityGlobals) = postSolution
		SolutionGuid = {B1CC8E34-1E94-4C16-AC4A-D59C28AB177F}
	EndGlobalSection
EndGlobal
